// !$*UTF8*$!
{
	archiveVersion = 1;
	classes = {
	};
	objectVersion = 77;
	objects = {

/* Begin PBXBuildFile section */
		AE1AA7282FC069EE008C8FEF /* MyValoProducts.storekit in Resources */ = {isa = PBXBuildFile; fileRef = AE1AA7272FC069EE008C8FEF /* MyValoProducts.storekit */; };
		AEAB50172FC03E3C00D4F2DE /* StoreKit.framework in Frameworks */ = {isa = PBXBuildFile; fileRef = AEAB50162FC03E3C00D4F2DE /* StoreKit.framework */; };
/* End PBXBuildFile section */

/* Begin PBXContainerItemProxy section */
		AE0163022FBD15DC004D35CE /* PBXContainerItemProxy */ = {
			isa = PBXContainerItemProxy;
			containerPortal = AE0162EA2FBD15DB004D35CE /* Project object */;
			proxyType = 1;
			remoteGlobalIDString = AE0162F12FBD15DB004D35CE;
			remoteInfo = AuraCraft;
		};
		AE01630C2FBD15DC004D35CE /* PBXContainerItemProxy */ = {
			isa = PBXContainerItemProxy;
			containerPortal = AE0162EA2FBD15DB004D35CE /* Project object */;
			proxyType = 1;
			remoteGlobalIDString = AE0162F12FBD15DB004D35CE;
			remoteInfo = AuraCraft;
		};
/* End PBXContainerItemProxy section */

/* Begin PBXCopyFilesBuildPhase section */
		AE1AA7242FC06536008C8FEF /* Embed Foundation Extensions */ = {
			isa = PBXCopyFilesBuildPhase;
			buildActionMask = 2147483647;
			dstPath = "";
			dstSubfolderSpec = 13;
			files = (
			);
			name = "Embed Foundation Extensions";
			runOnlyForDeploymentPostprocessing = 0;
		};
/* End PBXCopyFilesBuildPhase section */

/* Begin PBXFileReference section */
		AE0162F22FBD15DB004D35CE /* AuraCraft.app */ = {isa = PBXFileReference; explicitFileType = wrapper.application; includeInIndex = 0; path = AuraCraft.app; sourceTree = BUILT_PRODUCTS_DIR; };
		AE0163012FBD15DC004D35CE /* AuraCraftTests.xctest */ = {isa = PBXFileReference; explicitFileType = wrapper.cfbundle; includeInIndex = 0; path = AuraCraftTests.xctest; sourceTree = BUILT_PRODUCTS_DIR; };
		AE01630B2FBD15DC004D35CE /* AuraCraftUITests.xctest */ = {isa = PBXFileReference; explicitFileType = wrapper.cfbundle; includeInIndex = 0; path = AuraCraftUITests.xctest; sourceTree = BUILT_PRODUCTS_DIR; };
		AE1AA70B2FC06535008C8FEF /* WidgetKit.framework */ = {isa = PBXFileReference; lastKnownFileType = wrapper.framework; name = WidgetKit.framework; path = System/Library/Frameworks/WidgetKit.framework; sourceTree = SDKROOT; };
		AE1AA70D2FC06535008C8FEF /* SwiftUI.framework */ = {isa = PBXFileReference; lastKnownFileType = wrapper.framework; name = SwiftUI.framework; path = System/Library/Frameworks/SwiftUI.framework; sourceTree = SDKROOT; };
		AE1AA7272FC069EE008C8FEF /* MyValoProducts.storekit */ = {isa = PBXFileReference; lastKnownFileType = text; path = MyValoProducts.storekit; sourceTree = "<group>"; };
		AEAB50162FC03E3C00D4F2DE /* StoreKit.framework */ = {isa = PBXFileReference; lastKnownFileType = wrapper.framework; name = StoreKit.framework; path = System/Library/Frameworks/StoreKit.framework; sourceTree = SDKROOT; };
/* End PBXFileReference section */

/* Begin PBXFileSystemSynchronizedBuildFileExceptionSet section */
		AE1AA7052FC0650B008C8FEF /* Exceptions for "AuraCraft" folder in "AuraCraft" target */ = {
			isa = PBXFileSystemSynchronizedBuildFileExceptionSet;
			membershipExceptions = (
				Info.plist,
			);
			target = AE0162F12FBD15DB004D35CE /* AuraCraft */;
		};
/* End PBXFileSystemSynchronizedBuildFileExceptionSet section */

/* Begin PBXFileSystemSynchronizedRootGroup section */
		AE0162F42FBD15DB004D35CE /* AuraCraft */ = {
			isa = PBXFileSystemSynchronizedRootGroup;
			exceptions = (
				AE1AA7052FC0650B008C8FEF /* Exceptions for "AuraCraft" folder in "AuraCraft" target */,
			);
			path = AuraCraft;
			sourceTree = "<group>";
		};
		AE0163042FBD15DC004D35CE /* AuraCraftTests */ = {
			isa = PBXFileSystemSynchronizedRootGroup;
			path = AuraCraftTests;
			sourceTree = "<group>";
		};
		AE01630E2FBD15DC004D35CE /* AuraCraftUITests */ = {
			isa = PBXFileSystemSynchronizedRootGroup;
			path = AuraCraftUITests;
			sourceTree = "<group>";
		};
		AE1AA70F2FC06535008C8FEF /* AuraCraftWidget */ = {
			isa = PBXFileSystemSynchronizedRootGroup;
			path = AuraCraftWidget;
			sourceTree = "<group>";
		};
/* End PBXFileSystemSynchronizedRootGroup section */

/* Begin PBXFrameworksBuildPhase section */
		AE0162EF2FBD15DB004D35CE /* Frameworks */ = {
			isa = PBXFrameworksBuildPhase;
			buildActionMask = 2147483647;
			files = (
				AEAB50172FC03E3C00D4F2DE /* StoreKit.framework in Frameworks */,
			);
			runOnlyForDeploymentPostprocessing = 0;
		};
		AE0162FE2FBD15DC004D35CE /* Frameworks */ = {
			isa = PBXFrameworksBuildPhase;
			buildActionMask = 2147483647;
			files = (
			);
			runOnlyForDeploymentPostprocessing = 0;
		};
		AE0163082FBD15DC004D35CE /* Frameworks */ = {
			isa = PBXFrameworksBuildPhase;
			buildActionMask = 2147483647;
			files = (
			);
			runOnlyForDeploymentPostprocessing = 0;
		};
/* End PBXFrameworksBuildPhase section */

/* Begin PBXGroup section */
		AE0162E92FBD15DA004D35CE = {
			isa = PBXGroup;
			children = (
				AE1AA7272FC069EE008C8FEF /* MyValoProducts.storekit */,
				AE0162F42FBD15DB004D35CE /* AuraCraft */,
				AE0163042FBD15DC004D35CE /* AuraCraftTests */,
				AE01630E2FBD15DC004D35CE /* AuraCraftUITests */,
				AE1AA70F2FC06535008C8FEF /* AuraCraftWidget */,
				AEAB50152FC03E3C00D4F2DE /* Frameworks */,
				AE0162F32FBD15DB004D35CE /* Products */,
			);
			sourceTree = "<group>";
		};
		AE0162F32FBD15DB004D35CE /* Products */ = {
			isa = PBXGroup;
			children = (
				AE0162F22FBD15DB004D35CE /* AuraCraft.app */,
				AE0163012FBD15DC004D35CE /* AuraCraftTests.xctest */,
				AE01630B2FBD15DC004D35CE /* AuraCraftUITests.xctest */,
			);
			name = Products;
			sourceTree = "<group>";
		};
		AEAB50152FC03E3C00D4F2DE /* Frameworks */ = {
			isa = PBXGroup;
			children = (
				AEAB50162FC03E3C00D4F2DE /* StoreKit.framework */,
				AE1AA70B2FC06535008C8FEF /* WidgetKit.framework */,
				AE1AA70D2FC06535008C8FEF /* SwiftUI.framework */,
			);
			name = Frameworks;
			sourceTree = "<group>";
		};
/* End PBXGroup section */

/* Begin PBXNativeTarget section */
		AE0162F12FBD15DB004D35CE /* AuraCraft */ = {
			isa = PBXNativeTarget;
			buildConfigurationList = AE0163152FBD15DC004D35CE /* Build configuration list for PBXNativeTarget "AuraCraft" */;
			buildPhases = (
				AE0162EE2FBD15DB004D35CE /* Sources */,
				AE0162EF2FBD15DB004D35CE /* Frameworks */,
				AE0162F02FBD15DB004D35CE /* Resources */,
				AE1AA7242FC06536008C8FEF /* Embed Foundation Extensions */,
			);
			buildRules = (
			);
			dependencies = (
			);
			fileSystemSynchronizedGroups = (
				AE0162F42FBD15DB004D35CE /* AuraCraft */,
			);
			name = AuraCraft;
			packageProductDependencies = (
			);
			productName = AuraCraft;
			productReference = AE0162F22FBD15DB004D35CE /* AuraCraft.app */;
			productType = "com.apple.product-type.application";
		};
		AE0163002FBD15DC004D35CE /* AuraCraftTests */ = {
			isa = PBXNativeTarget;
			buildConfigurationList = AE0163182FBD15DC004D35CE /* Build configuration list for PBXNativeTarget "AuraCraftTests" */;
			buildPhases = (
				AE0162FD2FBD15DC004D35CE /* Sources */,
				AE0162FE2FBD15DC004D35CE /* Frameworks */,
				AE0162FF2FBD15DC004D35CE /* Resources */,
			);
			buildRules = (
			);
			dependencies = (
				AE0163032FBD15DC004D35CE /* PBXTargetDependency */,
			);
			fileSystemSynchronizedGroups = (
				AE0163042FBD15DC004D35CE /* AuraCraftTests */,
			);
			name = AuraCraftTests;
			packageProductDependencies = (
			);
			productName = AuraCraftTests;
			productReference = AE0163012FBD15DC004D35CE /* AuraCraftTests.xctest */;
			productType = "com.apple.product-type.bundle.unit-test";
		};
		AE01630A2FBD15DC004D35CE /* AuraCraftUITests */ = {
			isa = PBXNativeTarget;
			buildConfigurationList = AE01631B2FBD15DC004D35CE /* Build configuration list for PBXNativeTarget "AuraCraftUITests" */;
			buildPhases = (
				AE0163072FBD15DC004D35CE /* Sources */,
				AE0163082FBD15DC004D35CE /* Frameworks */,
				AE0163092FBD15DC004D35CE /* Resources */,
			);
			buildRules = (
			);
			dependencies = (
				AE01630D2FBD15DC004D35CE /* PBXTargetDependency */,
			);
			fileSystemSynchronizedGroups = (
				AE01630E2FBD15DC004D35CE /* AuraCraftUITests */,
			);
			name = AuraCraftUITests;
			packageProductDependencies = (
			);
			productName = AuraCraftUITests;
			productReference = AE01630B2FBD15DC004D35CE /* AuraCraftUITests.xctest */;
			productType = "com.apple.product-type.bundle.ui-testing";
		};
/* End PBXNativeTarget section */

/* Begin PBXProject section */
		AE0162EA2FBD15DB004D35CE /* Project object */ = {
			isa = PBXProject;
			attributes = {
				BuildIndependentTargetsInParallel = 1;
				LastSwiftUpdateCheck = 2650;
				LastUpgradeCheck = 2650;
				TargetAttributes = {
					AE0162F12FBD15DB004D35CE = {
						CreatedOnToolsVersion = 26.5;
					};
					AE0163002FBD15DC004D35CE = {
						CreatedOnToolsVersion = 26.5;
						TestTargetID = AE0162F12FBD15DB004D35CE;
					};
					AE01630A2FBD15DC004D35CE = {
						CreatedOnToolsVersion = 26.5;
						TestTargetID = AE0162F12FBD15DB004D35CE;
					};
				};
			};
			buildConfigurationList = AE0162ED2FBD15DB004D35CE /* Build configuration list for PBXProject "AuraCraft" */;
			developmentRegion = en;
			hasScannedForEncodings = 0;
			knownRegions = (
				en,
				Base,
			);
			mainGroup = AE0162E92FBD15DA004D35CE;
			minimizedProjectReferenceProxies = 1;
			preferredProjectObjectVersion = 77;
			productRefGroup = AE0162F32FBD15DB004D35CE /* Products */;
			projectDirPath = "";
			projectRoot = "";
			targets = (
				AE0162F12FBD15DB004D35CE /* AuraCraft */,
				AE0163002FBD15DC004D35CE /* AuraCraftTests */,
				AE01630A2FBD15DC004D35CE /* AuraCraftUITests */,
			);
		};
/* End PBXProject section */

/* Begin PBXResourcesBuildPhase section */
		AE0162F02FBD15DB004D35CE /* Resources */ = {
			isa = PBXResourcesBuildPhase;
			buildActionMask = 2147483647;
			files = (
				AE1AA7282FC069EE008C8FEF /* MyValoProducts.storekit in Resources */,
			);
			runOnlyForDeploymentPostprocessing = 0;
		};
		AE0162FF2FBD15DC004D35CE /* Resources */ = {
			isa = PBXResourcesBuildPhase;
			buildActionMask = 2147483647;
			files = (
			);
			runOnlyForDeploymentPostprocessing = 0;
		};
		AE0163092FBD15DC004D35CE /* Resources */ = {
			isa = PBXResourcesBuildPhase;
			buildActionMask = 2147483647;
			files = (
			);
			runOnlyForDeploymentPostprocessing = 0;
		};
/* End PBXResourcesBuildPhase section */

/* Begin PBXSourcesBuildPhase section */
		AE0162EE2FBD15DB004D35CE /* Sources */ = {
			isa = PBXSourcesBuildPhase;
			buildActionMask = 2147483647;
			files = (
			);
			runOnlyForDeploymentPostprocessing = 0;
		};
		AE0162FD2FBD15DC004D35CE /* Sources */ = {
			isa = PBXSourcesBuildPhase;
			buildActionMask = 2147483647;
			files = (
			);
			runOnlyForDeploymentPostprocessing = 0;
		};
		AE0163072FBD15DC004D35CE /* Sources */ = {
			isa = PBXSourcesBuildPhase;
			buildActionMask = 2147483647;
			files = (
			);
			runOnlyForDeploymentPostprocessing = 0;
		};
/* End PBXSourcesBuildPhase section */

/* Begin PBXTargetDependency section */
		AE0163032FBD15DC004D35CE /* PBXTargetDependency */ = {
			isa = PBXTargetDependency;
			target = AE0162F12FBD15DB004D35CE /* AuraCraft */;
			targetProxy = AE0163022FBD15DC004D35CE /* PBXContainerItemProxy */;
		};
		AE01630D2FBD15DC004D35CE /* PBXTargetDependency */ = {
			isa = PBXTargetDependency;
			target = AE0162F12FBD15DB004D35CE /* AuraCraft */;
			targetProxy = AE01630C2FBD15DC004D35CE /* PBXContainerItemProxy */;
		};
/* End PBXTargetDependency section */

/* Begin XCBuildConfiguration section */
		AE0163132FBD15DC004D35CE /* Debug */ = {
			isa = XCBuildConfiguration;
			buildSettings = {
				ALWAYS_SEARCH_USER_PATHS = NO;
				ASSETCATALOG_COMPILER_GENERATE_SWIFT_ASSET_SYMBOL_EXTENSIONS = YES;
				CLANG_ANALYZER_NONNULL = YES;
				CLANG_ANALYZER_NUMBER_OBJECT_CONVERSION = YES_AGGRESSIVE;
				CLANG_CXX_LANGUAGE_STANDARD = "gnu++20";
				CLANG_ENABLE_MODULES = YES;
				CLANG_ENABLE_OBJC_ARC = YES;
				CLANG_ENABLE_OBJC_WEAK = YES;
				CLANG_WARN_BLOCK_CAPTURE_AUTORELEASING = YES;
				CLANG_WARN_BOOL_CONVERSION = YES;
				CLANG_WARN_COMMA = YES;
				CLANG_WARN_CONSTANT_CONVERSION = YES;
				CLANG_WARN_DEPRECATED_OBJC_IMPLEMENTATIONS = YES;
				CLANG_WARN_DIRECT_OBJC_ISA_USAGE = YES_ERROR;
				CLANG_WARN_DOCUMENTATION_COMMENTS = YES;
				CLANG_WARN_EMPTY_BODY = YES;
				CLANG_WARN_ENUM_CONVERSION = YES;
				CLANG_WARN_INFINITE_RECURSION = YES;
				CLANG_WARN_INT_CONVERSION = YES;
				CLANG_WARN_NON_LITERAL_NULL_CONVERSION = YES;
				CLANG_WARN_OBJC_IMPLICIT_RETAIN_SELF = YES;
				CLANG_WARN_OBJC_LITERAL_CONVERSION = YES;
				CLANG_WARN_OBJC_ROOT_CLASS = YES_ERROR;
				CLANG_WARN_QUOTED_INCLUDE_IN_FRAMEWORK_HEADER = YES;
				CLANG_WARN_RANGE_LOOP_ANALYSIS = YES;
				CLANG_WARN_STRICT_PROTOTYPES = YES;
				CLANG_WARN_SUSPICIOUS_MOVE = YES;
				CLANG_WARN_UNGUARDED_AVAILABILITY = YES_AGGRESSIVE;
				CLANG_WARN_UNREACHABLE_CODE = YES;
				CLANG_WARN__DUPLICATE_METHOD_MATCH = YES;
				COPY_PHASE_STRIP = NO;
				DEBUG_INFORMATION_FORMAT = dwarf;
				DEVELOPMENT_TEAM = KTLJYJ5JS2;
				ENABLE_STRICT_OBJC_MSGSEND = YES;
				ENABLE_TESTABILITY = YES;
				ENABLE_USER_SCRIPT_SANDBOXING = YES;
				GCC_C_LANGUAGE_STANDARD = gnu17;
				GCC_DYNAMIC_NO_PIC = NO;
				GCC_NO_COMMON_BLOCKS = YES;
				GCC_OPTIMIZATION_LEVEL = 0;
				GCC_PREPROCESSOR_DEFINITIONS = (
					"DEBUG=1",
					"$(inherited)",
				);
				GCC_WARN_64_TO_32_BIT_CONVERSION = YES;
				GCC_WARN_ABOUT_RETURN_TYPE = YES_ERROR;
				GCC_WARN_UNDECLARED_SELECTOR = YES;
				GCC_WARN_UNINITIALIZED_AUTOS = YES_AGGRESSIVE;
				GCC_WARN_UNUSED_FUNCTION = YES;
				GCC_WARN_UNUSED_VARIABLE = YES;
				IPHONEOS_DEPLOYMENT_TARGET = 17.6;
				LOCALIZATION_PREFERS_STRING_CATALOGS = YES;
				MTL_ENABLE_DEBUG_INFO = INCLUDE_SOURCE;
				MTL_FAST_MATH = YES;
				ONLY_ACTIVE_ARCH = YES;
				SDKROOT = iphoneos;
				SWIFT_ACTIVE_COMPILATION_CONDITIONS = "DEBUG $(inherited)";
				SWIFT_OPTIMIZATION_LEVEL = "-Onone";
			};
			name = Debug;
		};
		AE0163142FBD15DC004D35CE /* Release */ = {
			isa = XCBuildConfiguration;
			buildSettings = {
				ALWAYS_SEARCH_USER_PATHS = NO;
				ASSETCATALOG_COMPILER_GENERATE_SWIFT_ASSET_SYMBOL_EXTENSIONS = YES;
				CLANG_ANALYZER_NONNULL = YES;
				CLANG_ANALYZER_NUMBER_OBJECT_CONVERSION = YES_AGGRESSIVE;
				CLANG_CXX_LANGUAGE_STANDARD = "gnu++20";
				CLANG_ENABLE_MODULES = YES;
				CLANG_ENABLE_OBJC_ARC = YES;
				CLANG_ENABLE_OBJC_WEAK = YES;
				CLANG_WARN_BLOCK_CAPTURE_AUTORELEASING = YES;
				CLANG_WARN_BOOL_CONVERSION = YES;
				CLANG_WARN_COMMA = YES;
				CLANG_WARN_CONSTANT_CONVERSION = YES;
				CLANG_WARN_DEPRECATED_OBJC_IMPLEMENTATIONS = YES;
				CLANG_WARN_DIRECT_OBJC_ISA_USAGE = YES_ERROR;
				CLANG_WARN_DOCUMENTATION_COMMENTS = YES;
				CLANG_WARN_EMPTY_BODY = YES;
				CLANG_WARN_ENUM_CONVERSION = YES;
				CLANG_WARN_INFINITE_RECURSION = YES;
				CLANG_WARN_INT_CONVERSION = YES;
				CLANG_WARN_NON_LITERAL_NULL_CONVERSION = YES;
				CLANG_WARN_OBJC_IMPLICIT_RETAIN_SELF = YES;
				CLANG_WARN_OBJC_LITERAL_CONVERSION = YES;
				CLANG_WARN_OBJC_ROOT_CLASS = YES_ERROR;
				CLANG_WARN_QUOTED_INCLUDE_IN_FRAMEWORK_HEADER = YES;
				CLANG_WARN_RANGE_LOOP_ANALYSIS = YES;
				CLANG_WARN_STRICT_PROTOTYPES = YES;
				CLANG_WARN_SUSPICIOUS_MOVE = YES;
				CLANG_WARN_UNGUARDED_AVAILABILITY = YES_AGGRESSIVE;
				CLANG_WARN_UNREACHABLE_CODE = YES;
				CLANG_WARN__DUPLICATE_METHOD_MATCH = YES;
				COPY_PHASE_STRIP = NO;
				DEBUG_INFORMATION_FORMAT = "dwarf-with-dsym";
				DEVELOPMENT_TEAM = KTLJYJ5JS2;
				ENABLE_NS_ASSERTIONS = NO;
				ENABLE_STRICT_OBJC_MSGSEND = YES;
				ENABLE_USER_SCRIPT_SANDBOXING = YES;
				GCC_C_LANGUAGE_STANDARD = gnu17;
				GCC_NO_COMMON_BLOCKS = YES;
				GCC_WARN_64_TO_32_BIT_CONVERSION = YES;
				GCC_WARN_ABOUT_RETURN_TYPE = YES_ERROR;
				GCC_WARN_UNDECLARED_SELECTOR = YES;
				GCC_WARN_UNINITIALIZED_AUTOS = YES_AGGRESSIVE;
				GCC_WARN_UNUSED_FUNCTION = YES;
				GCC_WARN_UNUSED_VARIABLE = YES;
				IPHONEOS_DEPLOYMENT_TARGET = 17.6;
				LOCALIZATION_PREFERS_STRING_CATALOGS = YES;
				MTL_ENABLE_DEBUG_INFO = NO;
				MTL_FAST_MATH = YES;
				SDKROOT = iphoneos;
				SWIFT_COMPILATION_MODE = wholemodule;
				VALIDATE_PRODUCT = YES;
			};
			name = Release;
		};
		AE0163162FBD15DC004D35CE /* Debug */ = {
			isa = XCBuildConfiguration;
			buildSettings = {
				ASSETCATALOG_COMPILER_APPICON_NAME = AppIcon;
				ASSETCATALOG_COMPILER_GLOBAL_ACCENT_COLOR_NAME = AccentColor;
				CODE_SIGN_ENTITLEMENTS = AuraCraft/AuraCraft.entitlements;
				CODE_SIGN_STYLE = Automatic;
				CURRENT_PROJECT_VERSION = 2;
				DEVELOPMENT_TEAM = KTLJYJ5JS2;
				ENABLE_PREVIEWS = YES;
				GENERATE_INFOPLIST_FILE = YES;
				INFOPLIST_FILE = AuraCraft/Info.plist;
				INFOPLIST_KEY_CFBundleDisplayName = MyValo;
				INFOPLIST_KEY_LSApplicationCategoryType = "public.app-category.lifestyle";
				INFOPLIST_KEY_NSHomeKitUsageDescription = "AuraCraft needs access to your HomeKit rooms and lights to show and control your lighting moods.";
				INFOPLIST_KEY_UIApplicationSceneManifest_Generation = YES;
				INFOPLIST_KEY_UIApplicationSupportsIndirectInputEvents = YES;
				INFOPLIST_KEY_UILaunchScreen_Generation = YES;
				INFOPLIST_KEY_UISupportedInterfaceOrientations_iPad = "UIInterfaceOrientationPortrait UIInterfaceOrientationPortraitUpsideDown UIInterfaceOrientationLandscapeLeft UIInterfaceOrientationLandscapeRight";
				INFOPLIST_KEY_UISupportedInterfaceOrientations_iPhone = "UIInterfaceOrientationPortrait UIInterfaceOrientationLandscapeLeft UIInterfaceOrientationLandscapeRight";
				LD_RUNPATH_SEARCH_PATHS = (
					"$(inherited)",
					"@executable_path/Frameworks",
				);
				MARKETING_VERSION = 1.0;
				PRODUCT_BUNDLE_IDENTIFIER = "Mikael-Nyberg.AuraCraft";
				PRODUCT_NAME = "$(TARGET_NAME)";
				STRING_CATALOG_GENERATE_SYMBOLS = YES;
				SWIFT_APPROACHABLE_CONCURRENCY = YES;
				SWIFT_DEFAULT_ACTOR_ISOLATION = MainActor;
				SWIFT_EMIT_LOC_STRINGS = YES;
				SWIFT_UPCOMING_FEATURE_MEMBER_IMPORT_VISIBILITY = YES;
				SWIFT_VERSION = 5.0;
				TARGETED_DEVICE_FAMILY = "1,2";
			};
			name = Debug;
		};
		AE0163172FBD15DC004D35CE /* Release */ = {
			isa = XCBuildConfiguration;
			buildSettings = {
				ASSETCATALOG_COMPILER_APPICON_NAME = AppIcon;
				ASSETCATALOG_COMPILER_GLOBAL_ACCENT_COLOR_NAME = AccentColor;
				CODE_SIGN_ENTITLEMENTS = AuraCraft/AuraCraft.entitlements;
				CODE_SIGN_STYLE = Automatic;
				CURRENT_PROJECT_VERSION = 2;
				DEVELOPMENT_TEAM = KTLJYJ5JS2;
				ENABLE_PREVIEWS = YES;
				GENERATE_INFOPLIST_FILE = YES;
				INFOPLIST_FILE = AuraCraft/Info.plist;
				INFOPLIST_KEY_CFBundleDisplayName = MyValo;
				INFOPLIST_KEY_LSApplicationCategoryType = "public.app-category.lifestyle";
				INFOPLIST_KEY_NSHomeKitUsageDescription = "AuraCraft needs access to your HomeKit rooms and lights to show and control your lighting moods.";
				INFOPLIST_KEY_UIApplicationSceneManifest_Generation = YES;
				INFOPLIST_KEY_UIApplicationSupportsIndirectInputEvents = YES;
				INFOPLIST_KEY_UILaunchScreen_Generation = YES;
				INFOPLIST_KEY_UISupportedInterfaceOrientations_iPad = "UIInterfaceOrientationPortrait UIInterfaceOrientationPortraitUpsideDown UIInterfaceOrientationLandscapeLeft UIInterfaceOrientationLandscapeRight";
				INFOPLIST_KEY_UISupportedInterfaceOrientations_iPhone = "UIInterfaceOrientationPortrait UIInterfaceOrientationLandscapeLeft UIInterfaceOrientationLandscapeRight";
				LD_RUNPATH_SEARCH_PATHS = (
					"$(inherited)",
					"@executable_path/Frameworks",
				);
				MARKETING_VERSION = 1.0;
				PRODUCT_BUNDLE_IDENTIFIER = "Mikael-Nyberg.AuraCraft";
				PRODUCT_NAME = "$(TARGET_NAME)";
				STRING_CATALOG_GENERATE_SYMBOLS = YES;
				SWIFT_APPROACHABLE_CONCURRENCY = YES;
				SWIFT_DEFAULT_ACTOR_ISOLATION = MainActor;
				SWIFT_EMIT_LOC_STRINGS = YES;
				SWIFT_UPCOMING_FEATURE_MEMBER_IMPORT_VISIBILITY = YES;
				SWIFT_VERSION = 5.0;
				TARGETED_DEVICE_FAMILY = "1,2";
			};
			name = Release;
		};
		AE0163192FBD15DC004D35CE /* Debug */ = {
			isa = XCBuildConfiguration;
			buildSettings = {
				BUNDLE_LOADER = "$(TEST_HOST)";
				CODE_SIGN_STYLE = Automatic;
				CURRENT_PROJECT_VERSION = 1;
				DEVELOPMENT_TEAM = KTLJYJ5JS2;
				GENERATE_INFOPLIST_FILE = YES;
				IPHONEOS_DEPLOYMENT_TARGET = 26.5;
				MARKETING_VERSION = 1.0;
				PRODUCT_BUNDLE_IDENTIFIER = "Mikael-Nyberg.AuraCraftTests";
				PRODUCT_NAME = "$(TARGET_NAME)";
				STRING_CATALOG_GENERATE_SYMBOLS = NO;
				SWIFT_APPROACHABLE_CONCURRENCY = YES;
				SWIFT_EMIT_LOC_STRINGS = NO;
				SWIFT_UPCOMING_FEATURE_MEMBER_IMPORT_VISIBILITY = YES;
				SWIFT_VERSION = 5.0;
				TARGETED_DEVICE_FAMILY = "1,2";
				TEST_HOST = "$(BUILT_PRODUCTS_DIR)/AuraCraft.app/$(BUNDLE_EXECUTABLE_FOLDER_PATH)/AuraCraft";
			};
			name = Debug;
		};
		AE01631A2FBD15DC004D35CE /* Release */ = {
			isa = XCBuildConfiguration;
			buildSettings = {
				BUNDLE_LOADER = "$(TEST_HOST)";
				CODE_SIGN_STYLE = Automatic;
				CURRENT_PROJECT_VERSION = 1;
				DEVELOPMENT_TEAM = KTLJYJ5JS2;
				GENERATE_INFOPLIST_FILE = YES;
				IPHONEOS_DEPLOYMENT_TARGET = 26.5;
				MARKETING_VERSION = 1.0;
				PRODUCT_BUNDLE_IDENTIFIER = "Mikael-Nyberg.AuraCraftTests";
				PRODUCT_NAME = "$(TARGET_NAME)";
				STRING_CATALOG_GENERATE_SYMBOLS = NO;
				SWIFT_APPROACHABLE_CONCURRENCY = YES;
				SWIFT_EMIT_LOC_STRINGS = NO;
				SWIFT_UPCOMING_FEATURE_MEMBER_IMPORT_VISIBILITY = YES;
				SWIFT_VERSION = 5.0;
				TARGETED_DEVICE_FAMILY = "1,2";
				TEST_HOST = "$(BUILT_PRODUCTS_DIR)/AuraCraft.app/$(BUNDLE_EXECUTABLE_FOLDER_PATH)/AuraCraft";
			};
			name = Release;
		};
		AE01631C2FBD15DC004D35CE /* Debug */ = {
			isa = XCBuildConfiguration;
			buildSettings = {
				CODE_SIGN_STYLE = Automatic;
				CURRENT_PROJECT_VERSION = 1;
				DEVELOPMENT_TEAM = KTLJYJ5JS2;
				GENERATE_INFOPLIST_FILE = YES;
				MARKETING_VERSION = 1.0;
				PRODUCT_BUNDLE_IDENTIFIER = "Mikael-Nyberg.AuraCraftUITests";
				PRODUCT_NAME = "$(TARGET_NAME)";
				STRING_CATALOG_GENERATE_SYMBOLS = NO;
				SWIFT_APPROACHABLE_CONCURRENCY = YES;
				SWIFT_EMIT_LOC_STRINGS = NO;
				SWIFT_UPCOMING_FEATURE_MEMBER_IMPORT_VISIBILITY = YES;
				SWIFT_VERSION = 5.0;
				TARGETED_DEVICE_FAMILY = "1,2";
				TEST_TARGET_NAME = AuraCraft;
			};
			name = Debug;
		};
		AE01631D2FBD15DC004D35CE /* Release */ = {
			isa = XCBuildConfiguration;
			buildSettings = {
				CODE_SIGN_STYLE = Automatic;
				CURRENT_PROJECT_VERSION = 1;
				DEVELOPMENT_TEAM = KTLJYJ5JS2;
				GENERATE_INFOPLIST_FILE = YES;
				MARKETING_VERSION = 1.0;
				PRODUCT_BUNDLE_IDENTIFIER = "Mikael-Nyberg.AuraCraftUITests";
				PRODUCT_NAME = "$(TARGET_NAME)";
				STRING_CATALOG_GENERATE_SYMBOLS = NO;
				SWIFT_APPROACHABLE_CONCURRENCY = YES;
				SWIFT_EMIT_LOC_STRINGS = NO;
				SWIFT_UPCOMING_FEATURE_MEMBER_IMPORT_VISIBILITY = YES;
				SWIFT_VERSION = 5.0;
				TARGETED_DEVICE_FAMILY = "1,2";
				TEST_TARGET_NAME = AuraCraft;
			};
			name = Release;
		};
/* End XCBuildConfiguration section */

/* Begin XCConfigurationList section */
		AE0162ED2FBD15DB004D35CE /* Build configuration list for PBXProject "AuraCraft" */ = {
			isa = XCConfigurationList;
			buildConfigurations = (
				AE0163132FBD15DC004D35CE /* Debug */,
				AE0163142FBD15DC004D35CE /* Release */,
			);
			defaultConfigurationIsVisible = 0;
			defaultConfigurationName = Release;
		};
		AE0163152FBD15DC004D35CE /* Build configuration list for PBXNativeTarget "AuraCraft" */ = {
			isa = XCConfigurationList;
			buildConfigurations = (
				AE0163162FBD15DC004D35CE /* Debug */,
				AE0163172FBD15DC004D35CE /* Release */,
			);
			defaultConfigurationIsVisible = 0;
			defaultConfigurationName = Release;
		};
		AE0163182FBD15DC004D35CE /* Build configuration list for PBXNativeTarget "AuraCraftTests" */ = {
			isa = XCConfigurationList;
			buildConfigurations = (
				AE0163192FBD15DC004D35CE /* Debug */,
				AE01631A2FBD15DC004D35CE /* Release */,
			);
			defaultConfigurationIsVisible = 0;
			defaultConfigurationName = Release;
		};
		AE01631B2FBD15DC004D35CE /* Build configuration list for PBXNativeTarget "AuraCraftUITests" */ = {
			isa = XCConfigurationList;
			buildConfigurations = (
				AE01631C2FBD15DC004D35CE /* Debug */,
				AE01631D2FBD15DC004D35CE /* Release */,
			);
			defaultConfigurationIsVisible = 0;
			defaultConfigurationName = Release;
		};
/* End XCConfigurationList section */
	};
	rootObject = AE0162EA2FBD15DB004D35CE /* Project object */;
}
